
Microsoft Visual Studio Solution File, Format Version 12.00
# Visual Studio 15
VisualStudioVersion = 15.0.28010.2046
MinimumVisualStudioVersion = 10.0.40219.1
Project("{262852C6-CD72-467D-83FE-5EEB1973A190}") = "Appanic", "Appanic\Appanic.jsproj", "{E4724EF8-6D8D-47D3-A29B-244793C3DB34}"
EndProject
Global
	GlobalSection(SolutionConfigurationPlatforms) = preSolution
		Debug|Android = Debug|Android
		Debug|iOS = Debug|iOS
		Debug|Windows-ARM = Debug|Windows-ARM
		Debug|Windows-x64 = Debug|Windows-x64
		Debug|Windows-x86 = Debug|Windows-x86
		Release|Android = Release|Android
		Release|iOS = Release|iOS
		Release|Windows-ARM = Release|Windows-ARM
		Release|Windows-x64 = Release|Windows-x64
		Release|Windows-x86 = Release|Windows-x86
	EndGlobalSection
	GlobalSection(ProjectConfigurationPlatforms) = postSolution
		{E4724EF8-6D8D-47D3-A29B-244793C3DB34}.Debug|Android.ActiveCfg = Debug|Android
		{E4724EF8-6D8D-47D3-A29B-244793C3DB34}.Debug|Android.Build.0 = Debug|Android
		{E4724EF8-6D8D-47D3-A29B-244793C3DB34}.Debug|Android.Deploy.0 = Debug|Android
		{E4724EF8-6D8D-47D3-A29B-244793C3DB34}.Debug|iOS.ActiveCfg = Debug|iOS
		{E4724EF8-6D8D-47D3-A29B-244793C3DB34}.Debug|iOS.Build.0 = Debug|iOS
		{E4724EF8-6D8D-47D3-A29B-244793C3DB34}.Debug|iOS.Deploy.0 = Debug|iOS
		{E4724EF8-6D8D-47D3-A29B-244793C3DB34}.Debug|Windows-ARM.ActiveCfg = Debug|Windows-ARM
		{E4724EF8-6D8D-47D3-A29B-244793C3DB34}.Debug|Windows-ARM.Build.0 = Debug|Windows-ARM
		{E4724EF8-6D8D-47D3-A29B-244793C3DB34}.Debug|Windows-ARM.Deploy.0 = Debug|Windows-ARM
		{E4724EF8-6D8D-47D3-A29B-244793C3DB34}.Debug|Windows-x64.ActiveCfg = Debug|Windows-x64
		{E4724EF8-6D8D-47D3-A29B-244793C3DB34}.Debug|Windows-x64.Build.0 = Debug|Windows-x64
		{E4724EF8-6D8D-47D3-A29B-244793C3DB34}.Debug|Windows-x64.Deploy.0 = Debug|Windows-x64
		{E4724EF8-6D8D-47D3-A29B-244793C3DB34}.Debug|Windows-x86.ActiveCfg = Debug|Windows-x86
		{E4724EF8-6D8D-47D3-A29B-244793C3DB34}.Debug|Windows-x86.Build.0 = Debug|Windows-x86
		{E4724EF8-6D8D-47D3-A29B-244793C3DB34}.Debug|Windows-x86.Deploy.0 = Debug|Windows-x86
		{E4724EF8-6D8D-47D3-A29B-244793C3DB34}.Release|Android.ActiveCfg = Release|Android
		{E4724EF8-6D8D-47D3-A29B-244793C3DB34}.Release|Android.Build.0 = Release|Android
		{E4724EF8-6D8D-47D3-A29B-244793C3DB34}.Release|Android.Deploy.0 = Release|Android
		{E4724EF8-6D8D-47D3-A29B-244793C3DB34}.Release|iOS.ActiveCfg = Release|iOS
		{E4724EF8-6D8D-47D3-A29B-244793C3DB34}.Release|iOS.Build.0 = Release|iOS
		{E4724EF8-6D8D-47D3-A29B-244793C3DB34}.Release|iOS.Deploy.0 = Release|iOS
		{E4724EF8-6D8D-47D3-A29B-244793C3DB34}.Release|Windows-ARM.ActiveCfg = Release|Windows-ARM
		{E4724EF8-6D8D-47D3-A29B-244793C3DB34}.Release|Windows-ARM.Build.0 = Release|Windows-ARM
		{E4724EF8-6D8D-47D3-A29B-244793C3DB34}.Release|Windows-ARM.Deploy.0 = Release|Windows-ARM
		{E4724EF8-6D8D-47D3-A29B-244793C3DB34}.Release|Windows-x64.ActiveCfg = Release|Windows-x64
		{E4724EF8-6D8D-47D3-A29B-244793C3DB34}.Release|Windows-x64.Build.0 = Release|Windows-x64
		{E4724EF8-6D8D-47D3-A29B-244793C3DB34}.Release|Windows-x64.Deploy.0 = Release|Windows-x64
		{E4724EF8-6D8D-47D3-A29B-244793C3DB34}.Release|Windows-x86.ActiveCfg = Release|Windows-x86
		{E4724EF8-6D8D-47D3-A29B-244793C3DB34}.Release|Windows-x86.Build.0 = Release|Windows-x86
		{E4724EF8-6D8D-47D3-A29B-244793C3DB34}.Release|Windows-x86.Deploy.0 = Release|Windows-x86
	EndGlobalSection
	GlobalSection(SolutionProperties) = preSolution
		HideSolutionNode = FALSE
	EndGlobalSection
	GlobalSection(ExtensibilityGlobals) = postSolution
		SolutionGuid = {9CC8591C-E1F6-4C19-9C24-8102FF52512C}
	EndGlobalSection
EndGlobal
